{
  "nodes": {
    "flake-parts": {
      "inputs": {
        "nixpkgs-lib": [
          "nixvim",
          "nixpkgs"
        ]
      },
      "locked": {
        "lastModified": 1743550720,
        "narHash": "sha256-hIshGgKZCgWh6AYJpJmRgFdR3WUbkY04o82X05xqQiY=",
        "owner": "hercules-ci",
        "repo": "flake-parts",
        "rev": "c621e8422220273271f52058f618c94e405bb0f5",
        "type": "github"
      },
      "original": {
        "owner": "hercules-ci",
        "repo": "flake-parts",
        "type": "github"
      }
    },
    "flake-utils": {
      "inputs": {
        "systems": "systems"
      },
      "locked": {
        "lastModified": 1731533236,
        "narHash": "sha256-l0KFg5HjrsfsO/JpG+r7fRrqm12kzFHyUHqHCVpMMbI=",
        "owner": "numtide",
        "repo": "flake-utils",
        "rev": "11707dc2f618dd54ca8739b309ec4fc024de578b",
        "type": "github"
      },
      "original": {
        "owner": "numtide",
        "repo": "flake-utils",
        "type": "github"
      }
    },
    "flake-utils_2": {
      "inputs": {
        "systems": "systems_2"
      },
      "locked": {
        "lastModified": 1731533236,
        "narHash": "sha256-l0KFg5HjrsfsO/JpG+r7fRrqm12kzFHyUHqHCVpMMbI=",
        "owner": "numtide",
        "repo": "flake-utils",
        "rev": "11707dc2f618dd54ca8739b309ec4fc024de578b",
        "type": "github"
      },
      "original": {
        "owner": "numtide",
        "repo": "flake-utils",
        "type": "github"
      }
    },
    "ixx": {
      "inputs": {
        "flake-utils": [
          "nixvim",
          "nuschtosSearch",
          "flake-utils"
        ],
        "nixpkgs": [
          "nixvim",
          "nuschtosSearch",
          "nixpkgs"
        ]
      },
      "locked": {
        "lastModified": 1737371634,
        "narHash": "sha256-fTVAWzT1UMm1lT+YxHuVPtH+DATrhYfea3B0MxG/cGw=",
        "owner": "NuschtOS",
        "repo": "ixx",
        "rev": "a1176e2a10ce745ff8f63e4af124ece8fe0b1648",
        "type": "github"
      },
      "original": {
        "owner": "NuschtOS",
        "ref": "v0.0.7",
        "repo": "ixx",
        "type": "github"
      }
    },
    "new-plugin:ft-std-header": {
      "flake": false,
      "locked": {
        "lastModified": 1726779991,
        "narHash": "sha256-T4BdswmjlrR3KG+97mzncuJ/1OAvx7GDwXW6MI5fBNE=",
        "owner": "42Paris",
        "repo": "42header",
        "rev": "9f51db5cc483951e257aece66f1f4ce3b14cdab1",
        "type": "github"
      },
      "original": {
        "owner": "42Paris",
        "repo": "42header",
        "type": "github"
      }
    },
    "new-plugin:vim-headerguard": {
      "flake": false,
      "locked": {
        "lastModified": 1669481306,
        "narHash": "sha256-asziFy3Dag8bV7Ptw5G46JQVzyrkJiQkaNqdjz72jwY=",
        "owner": "drmikehenry",
        "repo": "vim-headerguard",
        "rev": "8987a70ad416414ce5c570842c392111abd10555",
        "type": "github"
      },
      "original": {
        "owner": "drmikehenry",
        "repo": "vim-headerguard",
        "type": "github"
      }
    },
    "nixpkgs": {
      "locked": {
        "lastModified": 1747829730,
        "narHash": "sha256-dGPpFWHCCqzr9e4wGFNgX9MaoDhjHW3tgS+HZPca2M0=",
        "owner": "nixos",
        "repo": "nixpkgs",
        "rev": "2318789c4170dad2bc99103f3e6393e948f8b8ab",
        "type": "github"
      },
      "original": {
        "owner": "nixos",
        "repo": "nixpkgs",
        "type": "github"
      }
    },
    "nixvim": {
      "inputs": {
        "flake-parts": "flake-parts",
        "nixpkgs": [
          "nixpkgs"
        ],
        "nuschtosSearch": "nuschtosSearch",
        "systems": "systems_3"
      },
      "locked": {
        "lastModified": 1747743401,
        "narHash": "sha256-AXk6mf9ySe44faNUGhD1mZud/kB7X+Nipzo2YxHet4s=",
        "owner": "nix-community",
        "repo": "nixvim",
        "rev": "47dba84e0d068a2b8c07faa0ec737ea98a226537",
        "type": "github"
      },
      "original": {
        "owner": "nix-community",
        "repo": "nixvim",
        "type": "github"
      }
    },
    "nuschtosSearch": {
      "inputs": {
        "flake-utils": "flake-utils_2",
        "ixx": "ixx",
        "nixpkgs": [
          "nixvim",
          "nixpkgs"
        ]
      },
      "locked": {
        "lastModified": 1745046075,
        "narHash": "sha256-8v4y6k16Ra/fiecb4DxhsoOGtzLKgKlS+9/XJ9z0T2I=",
        "owner": "NuschtOS",
        "repo": "search",
        "rev": "066afe8643274470f4a294442aadd988356a478f",
        "type": "github"
      },
      "original": {
        "owner": "NuschtOS",
        "repo": "search",
        "type": "github"
      }
    },
    "plugin:clangd_extensions-nvim": {
      "flake": false,
      "locked": {
        "lastModified": 1737986494,
        "narHash": "sha256-XdA638W0Zb85v5uAUNpvUiiQXGKOM2xykD2ClLk8Qpo=",
        "owner": "p00f",
        "repo": "clangd_extensions.nvim",
        "rev": "db28f29be928d18cbfb86fbfb9f83f584f658feb",
        "type": "github"
      },
      "original": {
        "owner": "p00f",
        "repo": "clangd_extensions.nvim",
        "type": "github"
      }
    },
    "plugin:cmp-buffer": {
      "flake": false,
      "locked": {
        "lastModified": 1743497185,
        "narHash": "sha256-dG4U7MtnXThoa/PD+qFtCt76MQ14V1wX8GMYcvxEnbM=",
        "owner": "hrsh7th",
        "repo": "cmp-buffer",
        "rev": "b74fab3656eea9de20a9b8116afa3cfc4ec09657",
        "type": "github"
      },
      "original": {
        "owner": "hrsh7th",
        "repo": "cmp-buffer",
        "type": "github"
      }
    },
    "plugin:cmp-calc": {
      "flake": false,
      "locked": {
        "lastModified": 1716014700,
        "narHash": "sha256-TI1FR0EjzPcjsFdJQ9vXVleQwyXkmqs4TvYyZ8A6cS0=",
        "owner": "hrsh7th",
        "repo": "cmp-calc",
        "rev": "5947b412da67306c5b68698a02a846760059be2e",
        "type": "github"
      },
      "original": {
        "owner": "hrsh7th",
        "repo": "cmp-calc",
        "type": "github"
      }
    },
    "plugin:cmp-nvim-lsp": {
      "flake": false,
      "locked": {
        "lastModified": 1743496195,
        "narHash": "sha256-iaihXNCF5bB5MdeoosD/kc3QtpA/QaIDZVLiLIurBSM=",
        "owner": "hrsh7th",
        "repo": "cmp-nvim-lsp",
        "rev": "a8912b88ce488f411177fc8aed358b04dc246d7b",
        "type": "github"
      },
      "original": {
        "owner": "hrsh7th",
        "repo": "cmp-nvim-lsp",
        "type": "github"
      }
    },
    "plugin:cmp-path": {
      "flake": false,
      "locked": {
        "lastModified": 1743497173,
        "narHash": "sha256-thppiiV3wjIaZnAXmsh7j3DUc6ceSCvGzviwFUnoPaI=",
        "owner": "hrsh7th",
        "repo": "cmp-path",
        "rev": "c6635aae33a50d6010bf1aa756ac2398a2d54c32",
        "type": "github"
      },
      "original": {
        "owner": "hrsh7th",
        "repo": "cmp-path",
        "type": "github"
      }
    },
    "plugin:cmp_luasnip": {
      "flake": false,
      "locked": {
        "lastModified": 1730707109,
        "narHash": "sha256-86lKQPPyqFz8jzuLajjHMKHrYnwW6+QOcPyQEx6B+gw=",
        "owner": "saadparwaiz1",
        "repo": "cmp_luasnip",
        "rev": "98d9cb5c2c38532bd9bdb481067b20fea8f32e90",
        "type": "github"
      },
      "original": {
        "owner": "saadparwaiz1",
        "repo": "cmp_luasnip",
        "type": "github"
      }
    },
    "plugin:comment-nvim": {
      "flake": false,
      "locked": {
        "lastModified": 1717957420,
        "narHash": "sha256-h0kPue5Eqd5aeu4VoLH45pF0DmWWo1d8SnLICSQ63zc=",
        "owner": "numtostr",
        "repo": "comment.nvim",
        "rev": "e30b7f2008e52442154b66f7c519bfd2f1e32acb",
        "type": "github"
      },
      "original": {
        "owner": "numtostr",
        "repo": "comment.nvim",
        "type": "github"
      }
    },
    "plugin:efmls-configs-nvim": {
      "flake": false,
      "locked": {
        "lastModified": 1743340496,
        "narHash": "sha256-VcHGMMcNRoVqwJQFaDnBQKdc4xudZNIH4600vukKGg0=",
        "owner": "creativenull",
        "repo": "efmls-configs-nvim",
        "rev": "e071a098ac1e56e349af649c25e982348f5504e5",
        "type": "github"
      },
      "original": {
        "owner": "creativenull",
        "repo": "efmls-configs-nvim",
        "type": "github"
      }
    },
    "plugin:git-messenger-vim": {
      "flake": false,
      "locked": {
        "lastModified": 1725546033,
        "narHash": "sha256-SgivafrSdql6yG0Nj2+zo0dWE7x3YigzD6kJRrucPC0=",
        "owner": "rhysd",
        "repo": "git-messenger.vim",
        "rev": "edc603d4cda7894a743e383e16c638e206d03148",
        "type": "github"
      },
      "original": {
        "owner": "rhysd",
        "repo": "git-messenger.vim",
        "type": "github"
      }
    },
    "plugin:gitsigns-nvim": {
      "flake": false,
      "locked": {
        "lastModified": 1747826264,
        "narHash": "sha256-WtIBuBMgsvQVtHdmL8VkZTOq0CKC2974sh7zjhs00nA=",
        "owner": "lewis6991",
        "repo": "gitsigns.nvim",
        "rev": "392b9da4abebe9bee11b66dfdad82e0234bac4c2",
        "type": "github"
      },
      "original": {
        "owner": "lewis6991",
        "repo": "gitsigns.nvim",
        "type": "github"
      }
    },
    "plugin:inc-rename-nvim": {
      "flake": false,
      "locked": {
        "lastModified": 1746557874,
        "narHash": "sha256-zl5wtINxDxKkk1Up8ZWO6bclShbmeNrd8z7ORG1BCCY=",
        "owner": "smjonas",
        "repo": "inc-rename.nvim",
        "rev": "2eaff20526ff6101337b84f4b0d238c11f47d7f4",
        "type": "github"
      },
      "original": {
        "owner": "smjonas",
        "repo": "inc-rename.nvim",
        "type": "github"
      }
    },
    "plugin:indent-blankline-nvim": {
      "flake": false,
      "locked": {
        "lastModified": 1742224677,
        "narHash": "sha256-0q/V+b4UrDRnaC/eRWOi9HU9a61vQSAM9/C8ZQyKt+Y=",
        "owner": "lukas-reineke",
        "repo": "indent-blankline.nvim",
        "rev": "005b56001b2cb30bfa61b7986bc50657816ba4ba",
        "type": "github"
      },
      "original": {
        "owner": "lukas-reineke",
        "repo": "indent-blankline.nvim",
        "type": "github"
      }
    },
    "plugin:lspkind-nvim": {
      "flake": false,
      "locked": {
        "lastModified": 1733408701,
        "narHash": "sha256-OCvKUBGuzwy8OWOL1x3Z3fo+0+GyBMI9TX41xSveqvE=",
        "owner": "onsails",
        "repo": "lspkind.nvim",
        "rev": "d79a1c3299ad0ef94e255d045bed9fa26025dab6",
        "type": "github"
      },
      "original": {
        "owner": "onsails",
        "repo": "lspkind.nvim",
        "type": "github"
      }
    },
    "plugin:ltex_extra-nvim": {
      "flake": false,
      "locked": {
        "lastModified": 1741086744,
        "narHash": "sha256-a5gtIOIHm+Iqn07r768W0VViiZZkspR66D9FabjVhwI=",
        "owner": "barreiroleo",
        "repo": "ltex_extra.nvim",
        "rev": "67dc3465af8d8caa49a00aaff066289a94eb753e",
        "type": "github"
      },
      "original": {
        "owner": "barreiroleo",
        "repo": "ltex_extra.nvim",
        "type": "github"
      }
    },
    "plugin:lualine-nvim": {
      "flake": false,
      "locked": {
        "lastModified": 1747786963,
        "narHash": "sha256-Z6efNmO6nvaNASYS9d0WcazJm7OJyp/kbgREEI/JHIc=",
        "owner": "nvim-lualine",
        "repo": "lualine.nvim",
        "rev": "0c6cca9f2c63dadeb9225c45bc92bb95a151d4af",
        "type": "github"
      },
      "original": {
        "owner": "nvim-lualine",
        "repo": "lualine.nvim",
        "type": "github"
      }
    },
    "plugin:luasnip": {
      "flake": false,
      "locked": {
        "lastModified": 1747034085,
        "narHash": "sha256-0w4ZQe/K4SDK5N745c+E/DqeT2e4dMxMf8MjX8fUOO0=",
        "owner": "L3MON4D3",
        "repo": "LuaSnip",
        "rev": "c1851d5c519611dfc451b6582961b2602e0af89b",
        "type": "github"
      },
      "original": {
        "owner": "L3MON4D3",
        "repo": "LuaSnip",
        "type": "github"
      }
    },
    "plugin:markdown-preview-nvim": {
      "flake": false,
      "locked": {
        "lastModified": 1697511247,
        "narHash": "sha256-TBXdG/Ih5DusAYZJyn37zVqHcMD85VkjrCoLyTo/KBg=",
        "owner": "iamcco",
        "repo": "markdown-preview.nvim",
        "rev": "a923f5fc5ba36a3b17e289dc35dc17f66d0548ee",
        "type": "github"
      },
      "original": {
        "owner": "iamcco",
        "repo": "markdown-preview.nvim",
        "type": "github"
      }
    },
    "plugin:neo-tree-nvim": {
      "flake": false,
      "locked": {
        "lastModified": 1746867811,
        "narHash": "sha256-i1iu7bjNOkw7fyG/2aHbs0jmgi/JamTuino2ZKb/R7Y=",
        "owner": "nvim-neo-tree",
        "repo": "neo-tree.nvim",
        "rev": "56f383aa157f1ff20a59154907cc5f9fe26e4db9",
        "type": "github"
      },
      "original": {
        "owner": "nvim-neo-tree",
        "repo": "neo-tree.nvim",
        "type": "github"
      }
    },
    "plugin:netman-nvim": {
      "flake": false,
      "locked": {
        "lastModified": 1736616600,
        "narHash": "sha256-63NQVobZe73Y6tanaEc/Eym67XRGk/D8dEwVertfsA0=",
        "owner": "miversen33",
        "repo": "netman.nvim",
        "rev": "61ccf198d1c2570a14cfc6eb216b386b4b226be4",
        "type": "github"
      },
      "original": {
        "owner": "miversen33",
        "repo": "netman.nvim",
        "type": "github"
      }
    },
    "plugin:noice-nvim": {
      "flake": false,
      "locked": {
        "lastModified": 1739300525,
        "narHash": "sha256-0yu3JX7dXb9b+1REAVP+6K350OlYN6DBm8hEKgkQHgA=",
        "owner": "folke",
        "repo": "noice.nvim",
        "rev": "0427460c2d7f673ad60eb02b35f5e9926cf67c59",
        "type": "github"
      },
      "original": {
        "owner": "folke",
        "repo": "noice.nvim",
        "type": "github"
      }
    },
    "plugin:nui-nvim": {
      "flake": false,
      "locked": {
        "lastModified": 1746270059,
        "narHash": "sha256-SJc9nfV6cnBKYwRWsv0iHy+RbET8frNV85reICf+pt8=",
        "owner": "MunifTanjim",
        "repo": "nui.nvim",
        "rev": "f535005e6ad1016383f24e39559833759453564e",
        "type": "github"
      },
      "original": {
        "owner": "MunifTanjim",
        "repo": "nui.nvim",
        "type": "github"
      }
    },
    "plugin:nvim-cmp": {
      "flake": false,
      "locked": {
        "lastModified": 1744514599,
        "narHash": "sha256-l5z+PT4S9b09d2M+J/tHVd9W9Ss3eQQk5Ykpz2Qjxxw=",
        "owner": "hrsh7th",
        "repo": "nvim-cmp",
        "rev": "b5311ab3ed9c846b585c0c15b7559be131ec4be9",
        "type": "github"
      },
      "original": {
        "owner": "hrsh7th",
        "repo": "nvim-cmp",
        "type": "github"
      }
    },
    "plugin:nvim-lightbulb": {
      "flake": false,
      "locked": {
        "lastModified": 1743258814,
        "narHash": "sha256-1XNhioGMqQV5sI7N6YrtCA6Y9zRiPEi7ikgseL1x6HI=",
        "owner": "kosayoda",
        "repo": "nvim-lightbulb",
        "rev": "aa3a8b0f4305b25cfe368f6c9be9923a7c9d0805",
        "type": "github"
      },
      "original": {
        "owner": "kosayoda",
        "repo": "nvim-lightbulb",
        "type": "github"
      }
    },
    "plugin:nvim-lspconfig": {
      "flake": false,
      "locked": {
        "lastModified": 1747234257,
        "narHash": "sha256-iC1l9KefzVbRKsqEqvxUdokBvWxIQahr8KJ+K1j16Sw=",
        "owner": "neovim",
        "repo": "nvim-lspconfig",
        "rev": "ac1dfbe3b60e5e23a2cff90e3bd6a3bc88031a57",
        "type": "github"
      },
      "original": {
        "owner": "neovim",
        "repo": "nvim-lspconfig",
        "type": "github"
      }
    },
    "plugin:nvim-notify": {
      "flake": false,
      "locked": {
        "lastModified": 1744548826,
        "narHash": "sha256-m4dQ8KuMhbEpRh6zLTlIUDN9ojFj69LZnXXLepmdFI8=",
        "owner": "rcarriga",
        "repo": "nvim-notify",
        "rev": "b5825cf9ee881dd8e43309c93374ed5b87b7a896",
        "type": "github"
      },
      "original": {
        "owner": "rcarriga",
        "repo": "nvim-notify",
        "type": "github"
      }
    },
    "plugin:nvim-osc52": {
      "flake": false,
      "locked": {
        "lastModified": 1716560654,
        "narHash": "sha256-cVivuGzsG2bKfUBklyK7in0C8Xis0aO0pfyOuTol1mU=",
        "owner": "ojroques",
        "repo": "nvim-osc52",
        "rev": "04cfaba1865ae5c53b6f887c3ca7304973824fb2",
        "type": "github"
      },
      "original": {
        "owner": "ojroques",
        "repo": "nvim-osc52",
        "type": "github"
      }
    },
    "plugin:nvim-tree-lua": {
      "flake": false,
      "locked": {
        "lastModified": 1747542959,
        "narHash": "sha256-mxN3pOW2KCodSq8bPhtUqTgrZFjwIS60Wg3yornkunQ=",
        "owner": "nvim-tree",
        "repo": "nvim-tree.lua",
        "rev": "25d16aab7d29ca940a9feb92e6bb734697417009",
        "type": "github"
      },
      "original": {
        "owner": "nvim-tree",
        "repo": "nvim-tree.lua",
        "type": "github"
      }
    },
    "plugin:nvim-treesitter": {
      "flake": false,
      "locked": {
        "lastModified": 1747068210,
        "narHash": "sha256-bYbwIVii2mxFyro91ogCVLkIyrMNP4QJRSGNVcZPVEU=",
        "owner": "nvim-treesitter",
        "repo": "nvim-treesitter",
        "rev": "066fd6505377e3fd4aa219e61ce94c2b8bdb0b79",
        "type": "github"
      },
      "original": {
        "owner": "nvim-treesitter",
        "repo": "nvim-treesitter",
        "type": "github"
      }
    },
    "plugin:nvim-treesitter-context": {
      "flake": false,
      "locked": {
        "lastModified": 1747729245,
        "narHash": "sha256-Ld0rA6M/+z241Pr3VgyHz4bUTy1ACwuRmzvqbVJgztM=",
        "owner": "nvim-treesitter",
        "repo": "nvim-treesitter-context",
        "rev": "4976d8b90401cba9b85f6861e4e5a6edef2f2086",
        "type": "github"
      },
      "original": {
        "owner": "nvim-treesitter",
        "repo": "nvim-treesitter-context",
        "type": "github"
      }
    },
    "plugin:nvim-treesitter-refactor": {
      "flake": false,
      "locked": {
        "lastModified": 1726312917,
        "narHash": "sha256-q6AzZtGvrQ/QAZSF8cM3fd6myENm6eE1rI6fqvLzqlg=",
        "owner": "nvim-treesitter",
        "repo": "nvim-treesitter-refactor",
        "rev": "d8b74fa87afc6a1e97b18da23e762efb032dc270",
        "type": "github"
      },
      "original": {
        "owner": "nvim-treesitter",
        "repo": "nvim-treesitter-refactor",
        "type": "github"
      }
    },
    "plugin:nvim-web-devicons": {
      "flake": false,
      "locked": {
        "lastModified": 1747360641,
        "narHash": "sha256-+RHeFaeCF/iwAf8qAOjbEIl3YcnrBMVfkQnnzDNhyTA=",
        "owner": "nvim-tree",
        "repo": "nvim-web-devicons",
        "rev": "1fb58cca9aebbc4fd32b086cb413548ce132c127",
        "type": "github"
      },
      "original": {
        "owner": "nvim-tree",
        "repo": "nvim-web-devicons",
        "type": "github"
      }
    },
    "plugin:plantuml-syntax": {
      "flake": false,
      "locked": {
        "lastModified": 1724626194,
        "narHash": "sha256-qmo5xI7Vugtsbl95RW2Pnu6cDei1Xz7Pq06HrrwPpI4=",
        "owner": "aklt",
        "repo": "plantuml-syntax",
        "rev": "9d4900aa16674bf5bb8296a72b975317d573b547",
        "type": "github"
      },
      "original": {
        "owner": "aklt",
        "repo": "plantuml-syntax",
        "type": "github"
      }
    },
    "plugin:plenary-nvim": {
      "flake": false,
      "locked": {
        "lastModified": 1739311008,
        "narHash": "sha256-8FV5RjF7QbDmQOQynpK7uRKONKbPRYbOPugf9ZxNvUs=",
        "owner": "nvim-lua",
        "repo": "plenary.nvim",
        "rev": "857c5ac632080dba10aae49dba902ce3abf91b35",
        "type": "github"
      },
      "original": {
        "owner": "nvim-lua",
        "repo": "plenary.nvim",
        "type": "github"
      }
    },
    "plugin:popup-nvim": {
      "flake": false,
      "locked": {
        "lastModified": 1637254091,
        "narHash": "sha256-dNWz/xovUg55fDZUpVs/2kLphk3lqQyvPtc9ATwbeSQ=",
        "owner": "nvim-lua",
        "repo": "popup.nvim",
        "rev": "b7404d35d5d3548a82149238289fa71f7f6de4ac",
        "type": "github"
      },
      "original": {
        "owner": "nvim-lua",
        "repo": "popup.nvim",
        "type": "github"
      }
    },
    "plugin:rustaceanvim": {
      "flake": false,
      "locked": {
        "lastModified": 1747768023,
        "narHash": "sha256-H1xjUSalglgHFlu2dxCtSQArh80pXbgW5PGdq2kJTCA=",
        "owner": "mrcjkb",
        "repo": "rustaceanvim",
        "rev": "1e1106492f7e4512642603db34e542c938ad579c",
        "type": "github"
      },
      "original": {
        "owner": "mrcjkb",
        "repo": "rustaceanvim",
        "type": "github"
      }
    },
    "plugin:skim-vim": {
      "flake": false,
      "locked": {
        "lastModified": 1684985229,
        "narHash": "sha256-CFgUligbr2Z+gE5YofyCFcQ8fnwzaNOdQwm1QoPm4D4=",
        "owner": "lotabout",
        "repo": "skim.vim",
        "rev": "aa2a5c44a6640843868cc5c1444abc0093e90e5a",
        "type": "github"
      },
      "original": {
        "owner": "lotabout",
        "repo": "skim.vim",
        "type": "github"
      }
    },
    "plugin:telescope-nvim": {
      "flake": false,
      "locked": {
        "lastModified": 1747012888,
        "narHash": "sha256-JpW0ehsX81yVbKNzrYOe1hdgVMs6oaaxMLH6lECnOJg=",
        "owner": "nvim-telescope",
        "repo": "telescope.nvim",
        "rev": "b4da76be54691e854d3e0e02c36b0245f945c2c7",
        "type": "github"
      },
      "original": {
        "owner": "nvim-telescope",
        "repo": "telescope.nvim",
        "type": "github"
      }
    },
    "plugin:telescope-ui-select-nvim": {
      "flake": false,
      "locked": {
        "lastModified": 1701723223,
        "narHash": "sha256-YRhNmmG4gx9Ht8JwjQfbTjJyTHEuZmtP6lqnhOsk8bE=",
        "owner": "nvim-telescope",
        "repo": "telescope-ui-select.nvim",
        "rev": "6e51d7da30bd139a6950adf2a47fda6df9fa06d2",
        "type": "github"
      },
      "original": {
        "owner": "nvim-telescope",
        "repo": "telescope-ui-select.nvim",
        "type": "github"
      }
    },
    "plugin:tokyonight-nvim": {
      "flake": false,
      "locked": {
        "lastModified": 1739909711,
        "narHash": "sha256-1xZhQR1BhH2eqax0swlNtnPWIEUTxSOab6sQ3Fv9WQA=",
        "owner": "folke",
        "repo": "tokyonight.nvim",
        "rev": "057ef5d260c1931f1dffd0f052c685dcd14100a3",
        "type": "github"
      },
      "original": {
        "owner": "folke",
        "repo": "tokyonight.nvim",
        "type": "github"
      }
    },
    "plugin:trouble-nvim": {
      "flake": false,
      "locked": {
        "lastModified": 1739392872,
        "narHash": "sha256-au9wp88a0CutEf2f8Bi0vFTUR0zvQKgFX1vMVg4myGI=",
        "owner": "folke",
        "repo": "trouble.nvim",
        "rev": "85bedb7eb7fa331a2ccbecb9202d8abba64d37b3",
        "type": "github"
      },
      "original": {
        "owner": "folke",
        "repo": "trouble.nvim",
        "type": "github"
      }
    },
    "plugin:vim-just": {
      "flake": false,
      "locked": {
        "lastModified": 1742511923,
        "narHash": "sha256-dVhvezaH5UesL/p14L/c/l9Sc376vXxRxF/Gxj6Av4A=",
        "owner": "NoahTheDuke",
        "repo": "vim-just",
        "rev": "b7f9505f93ede57c4ec011405592280b3f1755ec",
        "type": "github"
      },
      "original": {
        "owner": "NoahTheDuke",
        "repo": "vim-just",
        "type": "github"
      }
    },
    "plugin:vim-matchup": {
      "flake": false,
      "locked": {
        "lastModified": 1747435656,
        "narHash": "sha256-Pu6T9MjYg1dSDyPzU3zWuSVoWF2Px2LTvlDVEV1ZMwQ=",
        "owner": "andymass",
        "repo": "vim-matchup",
        "rev": "56c714495ec7f40cf2c7e92fb124067c7951e650",
        "type": "github"
      },
      "original": {
        "owner": "andymass",
        "repo": "vim-matchup",
        "type": "github"
      }
    },
    "plugin:vim-snippets": {
      "flake": false,
      "locked": {
        "lastModified": 1723568473,
        "narHash": "sha256-jKeWrY2BPxtwrhrVNK1a5MK/0QXFuZcADWuD/l24yaY=",
        "owner": "honza",
        "repo": "vim-snippets",
        "rev": "f0a3184d9f90b96b044d5914625a25c554d7f301",
        "type": "github"
      },
      "original": {
        "owner": "honza",
        "repo": "vim-snippets",
        "type": "github"
      }
    },
    "plugin:which-key-nvim": {
      "flake": false,
      "locked": {
        "lastModified": 1740233407,
        "narHash": "sha256-uvMcSduMr7Kd2oUmIOYzvWF4FIl6bZxIYm9FSw/3pCo=",
        "owner": "folke",
        "repo": "which-key.nvim",
        "rev": "370ec46f710e058c9c1646273e6b225acf47cbed",
        "type": "github"
      },
      "original": {
        "owner": "folke",
        "repo": "which-key.nvim",
        "type": "github"
      }
    },
    "plugin:zk-nvim": {
      "flake": false,
      "locked": {
        "lastModified": 1747720430,
        "narHash": "sha256-+nwFC7sQ5MukENDlFRVfy6jujdOb3Tk0ilSkI9+gvrs=",
        "owner": "mickael-menu",
        "repo": "zk-nvim",
        "rev": "08f3591d55cc73828a99019ef6545b939a88cc13",
        "type": "github"
      },
      "original": {
        "owner": "mickael-menu",
        "repo": "zk-nvim",
        "type": "github"
      }
    },
    "root": {
      "inputs": {
        "flake-utils": "flake-utils",
        "new-plugin:ft-std-header": "new-plugin:ft-std-header",
        "new-plugin:vim-headerguard": "new-plugin:vim-headerguard",
        "nixpkgs": "nixpkgs",
        "nixvim": "nixvim",
        "plugin:clangd_extensions-nvim": "plugin:clangd_extensions-nvim",
        "plugin:cmp-buffer": "plugin:cmp-buffer",
        "plugin:cmp-calc": "plugin:cmp-calc",
        "plugin:cmp-nvim-lsp": "plugin:cmp-nvim-lsp",
        "plugin:cmp-path": "plugin:cmp-path",
        "plugin:cmp_luasnip": "plugin:cmp_luasnip",
        "plugin:comment-nvim": "plugin:comment-nvim",
        "plugin:efmls-configs-nvim": "plugin:efmls-configs-nvim",
        "plugin:git-messenger-vim": "plugin:git-messenger-vim",
        "plugin:gitsigns-nvim": "plugin:gitsigns-nvim",
        "plugin:inc-rename-nvim": "plugin:inc-rename-nvim",
        "plugin:indent-blankline-nvim": "plugin:indent-blankline-nvim",
        "plugin:lspkind-nvim": "plugin:lspkind-nvim",
        "plugin:ltex_extra-nvim": "plugin:ltex_extra-nvim",
        "plugin:lualine-nvim": "plugin:lualine-nvim",
        "plugin:luasnip": "plugin:luasnip",
        "plugin:markdown-preview-nvim": "plugin:markdown-preview-nvim",
        "plugin:neo-tree-nvim": "plugin:neo-tree-nvim",
        "plugin:netman-nvim": "plugin:netman-nvim",
        "plugin:noice-nvim": "plugin:noice-nvim",
        "plugin:nui-nvim": "plugin:nui-nvim",
        "plugin:nvim-cmp": "plugin:nvim-cmp",
        "plugin:nvim-lightbulb": "plugin:nvim-lightbulb",
        "plugin:nvim-lspconfig": "plugin:nvim-lspconfig",
        "plugin:nvim-notify": "plugin:nvim-notify",
        "plugin:nvim-osc52": "plugin:nvim-osc52",
        "plugin:nvim-tree-lua": "plugin:nvim-tree-lua",
        "plugin:nvim-treesitter": "plugin:nvim-treesitter",
        "plugin:nvim-treesitter-context": "plugin:nvim-treesitter-context",
        "plugin:nvim-treesitter-refactor": "plugin:nvim-treesitter-refactor",
        "plugin:nvim-web-devicons": "plugin:nvim-web-devicons",
        "plugin:plantuml-syntax": "plugin:plantuml-syntax",
        "plugin:plenary-nvim": "plugin:plenary-nvim",
        "plugin:popup-nvim": "plugin:popup-nvim",
        "plugin:rustaceanvim": "plugin:rustaceanvim",
        "plugin:skim-vim": "plugin:skim-vim",
        "plugin:telescope-nvim": "plugin:telescope-nvim",
        "plugin:telescope-ui-select-nvim": "plugin:telescope-ui-select-nvim",
        "plugin:tokyonight-nvim": "plugin:tokyonight-nvim",
        "plugin:trouble-nvim": "plugin:trouble-nvim",
        "plugin:vim-just": "plugin:vim-just",
        "plugin:vim-matchup": "plugin:vim-matchup",
        "plugin:vim-snippets": "plugin:vim-snippets",
        "plugin:which-key-nvim": "plugin:which-key-nvim",
        "plugin:zk-nvim": "plugin:zk-nvim"
      }
    },
    "systems": {
      "locked": {
        "lastModified": 1681028828,
        "narHash": "sha256-Vy1rq5AaRuLzOxct8nz4T6wlgyUR7zLU309k9mBC768=",
        "owner": "nix-systems",
        "repo": "default",
        "rev": "da67096a3b9bf56a91d16901293e51ba5b49a27e",
        "type": "github"
      },
      "original": {
        "owner": "nix-systems",
        "repo": "default",
        "type": "github"
      }
    },
    "systems_2": {
      "locked": {
        "lastModified": 1681028828,
        "narHash": "sha256-Vy1rq5AaRuLzOxct8nz4T6wlgyUR7zLU309k9mBC768=",
        "owner": "nix-systems",
        "repo": "default",
        "rev": "da67096a3b9bf56a91d16901293e51ba5b49a27e",
        "type": "github"
      },
      "original": {
        "owner": "nix-systems",
        "repo": "default",
        "type": "github"
      }
    },
    "systems_3": {
      "locked": {
        "lastModified": 1681028828,
        "narHash": "sha256-Vy1rq5AaRuLzOxct8nz4T6wlgyUR7zLU309k9mBC768=",
        "owner": "nix-systems",
        "repo": "default",
        "rev": "da67096a3b9bf56a91d16901293e51ba5b49a27e",
        "type": "github"
      },
      "original": {
        "owner": "nix-systems",
        "repo": "default",
        "type": "github"
      }
    }
  },
  "root": "root",
  "version": 7
}
