{
  "nodes": {
    "devshell": {
      "inputs": {
        "nixpkgs": [
          "nixvim",
          "nixpkgs"
        ]
      },
      "locked": {
        "lastModified": 1728330715,
        "narHash": "sha256-xRJ2nPOXb//u1jaBnDP56M7v5ldavjbtR6lfGqSvcKg=",
        "owner": "numtide",
        "repo": "devshell",
        "rev": "dd6b80932022cea34a019e2bb32f6fa9e494dfef",
        "type": "github"
      },
      "original": {
        "owner": "numtide",
        "repo": "devshell",
        "type": "github"
      }
    },
    "flake-compat": {
      "locked": {
        "lastModified": 1696426674,
        "narHash": "sha256-kvjfFW7WAETZlt09AgDn1MrtKzP7t90Vf7vypd3OL1U=",
        "rev": "0f9255e01c2351cc7d116c072cb317785dd33b33",
        "revCount": 57,
        "type": "tarball",
        "url": "https://api.flakehub.com/f/pinned/edolstra/flake-compat/1.0.1/018afb31-abd1-7bff-a5e4-cff7e18efb7a/source.tar.gz"
      },
      "original": {
        "type": "tarball",
        "url": "https://flakehub.com/f/edolstra/flake-compat/1.tar.gz"
      }
    },
    "flake-parts": {
      "inputs": {
        "nixpkgs-lib": [
          "nixvim",
          "nixpkgs"
        ]
      },
      "locked": {
        "lastModified": 1727826117,
        "narHash": "sha256-K5ZLCyfO/Zj9mPFldf3iwS6oZStJcU4tSpiXTMYaaL0=",
        "owner": "hercules-ci",
        "repo": "flake-parts",
        "rev": "3d04084d54bedc3d6b8b736c70ef449225c361b1",
        "type": "github"
      },
      "original": {
        "owner": "hercules-ci",
        "repo": "flake-parts",
        "type": "github"
      }
    },
    "flake-utils": {
      "inputs": {
        "systems": "systems"
      },
      "locked": {
        "lastModified": 1726560853,
        "narHash": "sha256-X6rJYSESBVr3hBoH0WbKE5KvhPU5bloyZ2L4K60/fPQ=",
        "owner": "numtide",
        "repo": "flake-utils",
        "rev": "c1dfcf08411b08f6b8615f7d8971a2bfa81d5e8a",
        "type": "github"
      },
      "original": {
        "owner": "numtide",
        "repo": "flake-utils",
        "type": "github"
      }
    },
    "flake-utils_2": {
      "inputs": {
        "systems": "systems_2"
      },
      "locked": {
        "lastModified": 1726560853,
        "narHash": "sha256-X6rJYSESBVr3hBoH0WbKE5KvhPU5bloyZ2L4K60/fPQ=",
        "owner": "numtide",
        "repo": "flake-utils",
        "rev": "c1dfcf08411b08f6b8615f7d8971a2bfa81d5e8a",
        "type": "github"
      },
      "original": {
        "owner": "numtide",
        "repo": "flake-utils",
        "type": "github"
      }
    },
    "git-hooks": {
      "inputs": {
        "flake-compat": [
          "nixvim",
          "flake-compat"
        ],
        "gitignore": "gitignore",
        "nixpkgs": [
          "nixvim",
          "nixpkgs"
        ],
        "nixpkgs-stable": [
          "nixvim",
          "nixpkgs"
        ]
      },
      "locked": {
        "lastModified": 1728727368,
        "narHash": "sha256-7FMyNISP7K6XDSIt1NJxkXZnEdV3HZUXvFoBaJ/qdOg=",
        "owner": "cachix",
        "repo": "git-hooks.nix",
        "rev": "eb74e0be24a11a1531b5b8659535580554d30b28",
        "type": "github"
      },
      "original": {
        "owner": "cachix",
        "repo": "git-hooks.nix",
        "type": "github"
      }
    },
    "gitignore": {
      "inputs": {
        "nixpkgs": [
          "nixvim",
          "git-hooks",
          "nixpkgs"
        ]
      },
      "locked": {
        "lastModified": 1709087332,
        "narHash": "sha256-HG2cCnktfHsKV0s4XW83gU3F57gaTljL9KNSuG6bnQs=",
        "owner": "hercules-ci",
        "repo": "gitignore.nix",
        "rev": "637db329424fd7e46cf4185293b9cc8c88c95394",
        "type": "github"
      },
      "original": {
        "owner": "hercules-ci",
        "repo": "gitignore.nix",
        "type": "github"
      }
    },
    "home-manager": {
      "inputs": {
        "nixpkgs": [
          "nixvim",
          "nixpkgs"
        ]
      },
      "locked": {
        "lastModified": 1728726232,
        "narHash": "sha256-8ZWr1HpciQsrFjvPMvZl0W+b0dilZOqXPoKa2Ux36bc=",
        "owner": "nix-community",
        "repo": "home-manager",
        "rev": "d57112db877f07387ce7104b5ac346ede556d2d7",
        "type": "github"
      },
      "original": {
        "owner": "nix-community",
        "repo": "home-manager",
        "type": "github"
      }
    },
    "new-plugin:ft-std-header": {
      "flake": false,
      "locked": {
        "lastModified": 1726779991,
        "narHash": "sha256-T4BdswmjlrR3KG+97mzncuJ/1OAvx7GDwXW6MI5fBNE=",
        "owner": "42Paris",
        "repo": "42header",
        "rev": "9f51db5cc483951e257aece66f1f4ce3b14cdab1",
        "type": "github"
      },
      "original": {
        "owner": "42Paris",
        "repo": "42header",
        "type": "github"
      }
    },
    "new-plugin:vim-headerguard": {
      "flake": false,
      "locked": {
        "lastModified": 1669481306,
        "narHash": "sha256-asziFy3Dag8bV7Ptw5G46JQVzyrkJiQkaNqdjz72jwY=",
        "owner": "drmikehenry",
        "repo": "vim-headerguard",
        "rev": "8987a70ad416414ce5c570842c392111abd10555",
        "type": "github"
      },
      "original": {
        "owner": "drmikehenry",
        "repo": "vim-headerguard",
        "type": "github"
      }
    },
    "nix-darwin": {
      "inputs": {
        "nixpkgs": [
          "nixvim",
          "nixpkgs"
        ]
      },
      "locked": {
        "lastModified": 1728385805,
        "narHash": "sha256-mUd38b0vhB7yzgAjNOaFz7VY9xIVzlbn3P2wjGBcVV0=",
        "owner": "lnl7",
        "repo": "nix-darwin",
        "rev": "48b50b3b137be5cfb9f4d006835ce7c3fe558ccc",
        "type": "github"
      },
      "original": {
        "owner": "lnl7",
        "repo": "nix-darwin",
        "type": "github"
      }
    },
    "nixpkgs": {
      "locked": {
        "lastModified": 1728996752,
        "narHash": "sha256-mye1WTx3HipUtuvuQLJKewvKIRgtGSfSM4eA0IwZMOA=",
        "owner": "nixos",
        "repo": "nixpkgs",
        "rev": "4bb7fb553d62e26b7006be339d38f4f1dd65ea0b",
        "type": "github"
      },
      "original": {
        "owner": "nixos",
        "repo": "nixpkgs",
        "type": "github"
      }
    },
    "nixvim": {
      "inputs": {
        "devshell": "devshell",
        "flake-compat": "flake-compat",
        "flake-parts": "flake-parts",
        "git-hooks": "git-hooks",
        "home-manager": "home-manager",
        "nix-darwin": "nix-darwin",
        "nixpkgs": [
          "nixpkgs"
        ],
        "nuschtosSearch": "nuschtosSearch",
        "treefmt-nix": "treefmt-nix"
      },
      "locked": {
        "lastModified": 1728985146,
        "narHash": "sha256-Kopqg/ZYUxle3wNruPmISv7uU/iMJQ4/wEqx4rGG4xA=",
        "owner": "nix-community",
        "repo": "nixvim",
        "rev": "25b8d2ab20fbc4a291e83a490382d503c999ab3a",
        "type": "github"
      },
      "original": {
        "owner": "nix-community",
        "repo": "nixvim",
        "type": "github"
      }
    },
    "nuschtosSearch": {
      "inputs": {
        "flake-utils": "flake-utils_2",
        "nixpkgs": [
          "nixvim",
          "nixpkgs"
        ]
      },
      "locked": {
        "lastModified": 1728701796,
        "narHash": "sha256-FTDCOUnq+gdnHC3p5eisv1X1mMtKJDNMegwpZjRzQKY=",
        "owner": "NuschtOS",
        "repo": "search",
        "rev": "9578d865b081c29ae98131caf7d2f69a42f0ca6e",
        "type": "github"
      },
      "original": {
        "owner": "NuschtOS",
        "repo": "search",
        "type": "github"
      }
    },
    "plugin:clangd_extensions-nvim": {
      "flake": false,
      "locked": {
        "lastModified": 1728144497,
        "narHash": "sha256-N2YPu2Oa5KBkL8GSp9Al+rxhtNgu7YtxtMuy5BIcnOY=",
        "owner": "p00f",
        "repo": "clangd_extensions.nvim",
        "rev": "8f7b72100883e0e34400d9518d40a03f21e4d0a6",
        "type": "github"
      },
      "original": {
        "owner": "p00f",
        "repo": "clangd_extensions.nvim",
        "type": "github"
      }
    },
    "plugin:cmp-buffer": {
      "flake": false,
      "locked": {
        "lastModified": 1660101488,
        "narHash": "sha256-dG4U7MtnXThoa/PD+qFtCt76MQ14V1wX8GMYcvxEnbM=",
        "owner": "hrsh7th",
        "repo": "cmp-buffer",
        "rev": "3022dbc9166796b644a841a02de8dd1cc1d311fa",
        "type": "github"
      },
      "original": {
        "owner": "hrsh7th",
        "repo": "cmp-buffer",
        "type": "github"
      }
    },
    "plugin:cmp-calc": {
      "flake": false,
      "locked": {
        "lastModified": 1716014700,
        "narHash": "sha256-TI1FR0EjzPcjsFdJQ9vXVleQwyXkmqs4TvYyZ8A6cS0=",
        "owner": "hrsh7th",
        "repo": "cmp-calc",
        "rev": "5947b412da67306c5b68698a02a846760059be2e",
        "type": "github"
      },
      "original": {
        "owner": "hrsh7th",
        "repo": "cmp-calc",
        "type": "github"
      }
    },
    "plugin:cmp-nvim-lsp": {
      "flake": false,
      "locked": {
        "lastModified": 1715931395,
        "narHash": "sha256-CT1+Z4XJBVsl/RqvJeGmyitD6x7So0ylXvvef5jh7I8=",
        "owner": "hrsh7th",
        "repo": "cmp-nvim-lsp",
        "rev": "39e2eda76828d88b773cc27a3f61d2ad782c922d",
        "type": "github"
      },
      "original": {
        "owner": "hrsh7th",
        "repo": "cmp-nvim-lsp",
        "type": "github"
      }
    },
    "plugin:cmp-path": {
      "flake": false,
      "locked": {
        "lastModified": 1664784283,
        "narHash": "sha256-thppiiV3wjIaZnAXmsh7j3DUc6ceSCvGzviwFUnoPaI=",
        "owner": "hrsh7th",
        "repo": "cmp-path",
        "rev": "91ff86cd9c29299a64f968ebb45846c485725f23",
        "type": "github"
      },
      "original": {
        "owner": "hrsh7th",
        "repo": "cmp-path",
        "type": "github"
      }
    },
    "plugin:cmp_luasnip": {
      "flake": false,
      "locked": {
        "lastModified": 1696878902,
        "narHash": "sha256-nUJJl2zyK/oSwz5RzI9j3gf9zpDfCImCYbPbVsyXgz8=",
        "owner": "saadparwaiz1",
        "repo": "cmp_luasnip",
        "rev": "05a9ab28b53f71d1aece421ef32fee2cb857a843",
        "type": "github"
      },
      "original": {
        "owner": "saadparwaiz1",
        "repo": "cmp_luasnip",
        "type": "github"
      }
    },
    "plugin:comment-nvim": {
      "flake": false,
      "locked": {
        "lastModified": 1717957420,
        "narHash": "sha256-h0kPue5Eqd5aeu4VoLH45pF0DmWWo1d8SnLICSQ63zc=",
        "owner": "numtostr",
        "repo": "comment.nvim",
        "rev": "e30b7f2008e52442154b66f7c519bfd2f1e32acb",
        "type": "github"
      },
      "original": {
        "owner": "numtostr",
        "repo": "comment.nvim",
        "type": "github"
      }
    },
    "plugin:efmls-configs-nvim": {
      "flake": false,
      "locked": {
        "lastModified": 1728873218,
        "narHash": "sha256-V9a31l2hHjkJ3CIcUpZJDfBNWprFQ7+oWT6mlFo/vO8=",
        "owner": "creativenull",
        "repo": "efmls-configs-nvim",
        "rev": "6c9dd80d4c2071a0328947cf6bcb6b91cc62c7b5",
        "type": "github"
      },
      "original": {
        "owner": "creativenull",
        "repo": "efmls-configs-nvim",
        "type": "github"
      }
    },
    "plugin:git-messenger-vim": {
      "flake": false,
      "locked": {
        "lastModified": 1725546033,
        "narHash": "sha256-SgivafrSdql6yG0Nj2+zo0dWE7x3YigzD6kJRrucPC0=",
        "owner": "rhysd",
        "repo": "git-messenger.vim",
        "rev": "edc603d4cda7894a743e383e16c638e206d03148",
        "type": "github"
      },
      "original": {
        "owner": "rhysd",
        "repo": "git-messenger.vim",
        "type": "github"
      }
    },
    "plugin:gitsigns-nvim": {
      "flake": false,
      "locked": {
        "lastModified": 1727424886,
        "narHash": "sha256-o2Y57z7IuIa9wvLlzyslcs3/+iaZzuqM1NImlKAPt5Y=",
        "owner": "lewis6991",
        "repo": "gitsigns.nvim",
        "rev": "863903631e676b33e8be2acb17512fdc1b80b4fb",
        "type": "github"
      },
      "original": {
        "owner": "lewis6991",
        "repo": "gitsigns.nvim",
        "type": "github"
      }
    },
    "plugin:inc-rename-nvim": {
      "flake": false,
      "locked": {
        "lastModified": 1720039098,
        "narHash": "sha256-qbiBvmVCJrqNKmSzRaCHZXpr87YSj9zJ6/AFRLK+Kgc=",
        "owner": "smjonas",
        "repo": "inc-rename.nvim",
        "rev": "8ba77017ca468f3029bf88ef409c2d20476ea66b",
        "type": "github"
      },
      "original": {
        "owner": "smjonas",
        "repo": "inc-rename.nvim",
        "type": "github"
      }
    },
    "plugin:indent-blankline-nvim": {
      "flake": false,
      "locked": {
        "lastModified": 1728270661,
        "narHash": "sha256-OKtaibgT9uPQQmddfj7YKgAYc7lz4ne1dbUz9PdRAvA=",
        "owner": "lukas-reineke",
        "repo": "indent-blankline.nvim",
        "rev": "e7a4442e055ec953311e77791546238d1eaae507",
        "type": "github"
      },
      "original": {
        "owner": "lukas-reineke",
        "repo": "indent-blankline.nvim",
        "type": "github"
      }
    },
    "plugin:lspkind-nvim": {
      "flake": false,
      "locked": {
        "lastModified": 1727343567,
        "narHash": "sha256-72j9A16OGm90eL/iQPEuNSvFh7mSUMKQhbTGpSjbnKM=",
        "owner": "onsails",
        "repo": "lspkind.nvim",
        "rev": "59c3f419af48a2ffb2320cea85e44e5a95f71664",
        "type": "github"
      },
      "original": {
        "owner": "onsails",
        "repo": "lspkind.nvim",
        "type": "github"
      }
    },
    "plugin:ltex_extra-nvim": {
      "flake": false,
      "locked": {
        "lastModified": 1718420929,
        "narHash": "sha256-OGeeEIF+z03DdJO2d2kzQ0lZnIYLabp6irYPqYgbCbc=",
        "owner": "barreiroleo",
        "repo": "ltex_extra.nvim",
        "rev": "24acd044ce7a26b3cdb537cbd094de37c3e1ac45",
        "type": "github"
      },
      "original": {
        "owner": "barreiroleo",
        "repo": "ltex_extra.nvim",
        "type": "github"
      }
    },
    "plugin:lualine-nvim": {
      "flake": false,
      "locked": {
        "lastModified": 1723473562,
        "narHash": "sha256-gCm7m96PkZyrgjmt7Efc+NMZKStAq1zr7JRCYOgGDuE=",
        "owner": "nvim-lualine",
        "repo": "lualine.nvim",
        "rev": "b431d228b7bbcdaea818bdc3e25b8cdbe861f056",
        "type": "github"
      },
      "original": {
        "owner": "nvim-lualine",
        "repo": "lualine.nvim",
        "type": "github"
      }
    },
    "plugin:luasnip": {
      "flake": false,
      "locked": {
        "lastModified": 1726165831,
        "narHash": "sha256-nkaa1NGOI28Et2QitQB+Spv+J42QVdHE1oywteLcJJw=",
        "owner": "L3MON4D3",
        "repo": "LuaSnip",
        "rev": "e808bee352d1a6fcf902ca1a71cee76e60e24071",
        "type": "github"
      },
      "original": {
        "owner": "L3MON4D3",
        "repo": "LuaSnip",
        "type": "github"
      }
    },
    "plugin:markdown-preview-nvim": {
      "flake": false,
      "locked": {
        "lastModified": 1697511247,
        "narHash": "sha256-TBXdG/Ih5DusAYZJyn37zVqHcMD85VkjrCoLyTo/KBg=",
        "owner": "iamcco",
        "repo": "markdown-preview.nvim",
        "rev": "a923f5fc5ba36a3b17e289dc35dc17f66d0548ee",
        "type": "github"
      },
      "original": {
        "owner": "iamcco",
        "repo": "markdown-preview.nvim",
        "type": "github"
      }
    },
    "plugin:neo-tree-nvim": {
      "flake": false,
      "locked": {
        "lastModified": 1726542367,
        "narHash": "sha256-Lqt0KJNT9HmpJwZoWChYeVBrDWhscRe8COqVCwgcTwk=",
        "owner": "nvim-neo-tree",
        "repo": "neo-tree.nvim",
        "rev": "a77af2e764c5ed4038d27d1c463fa49cd4794e07",
        "type": "github"
      },
      "original": {
        "owner": "nvim-neo-tree",
        "repo": "neo-tree.nvim",
        "type": "github"
      }
    },
    "plugin:netman-nvim": {
      "flake": false,
      "locked": {
        "lastModified": 1713730119,
        "narHash": "sha256-W8G1KO/nefaRmr8QGszEwThInRL3PqwdPQsKyaR/AoQ=",
        "owner": "miversen33",
        "repo": "netman.nvim",
        "rev": "68eecb29d913d4f35efa9bd0e8636046f70f998f",
        "type": "github"
      },
      "original": {
        "owner": "miversen33",
        "repo": "netman.nvim",
        "type": "github"
      }
    },
    "plugin:noice-nvim": {
      "flake": false,
      "locked": {
        "lastModified": 1727897551,
        "narHash": "sha256-9ivgP145phRzu6OD2nwqjgD8glCThnDjS31XHsjbVuM=",
        "owner": "folke",
        "repo": "noice.nvim",
        "rev": "df448c649ef6bc5a6a633a44f2ad0ed8d4442499",
        "type": "github"
      },
      "original": {
        "owner": "folke",
        "repo": "noice.nvim",
        "type": "github"
      }
    },
    "plugin:nui-nvim": {
      "flake": false,
      "locked": {
        "lastModified": 1726376728,
        "narHash": "sha256-90Wq+vT361mTaGU/SvAezqJkX9HHmZ2GI2fKBDxPn04=",
        "owner": "MunifTanjim",
        "repo": "nui.nvim",
        "rev": "b58e2bfda5cea347c9d58b7f11cf3012c7b3953f",
        "type": "github"
      },
      "original": {
        "owner": "MunifTanjim",
        "repo": "nui.nvim",
        "type": "github"
      }
    },
    "plugin:nvim-cmp": {
      "flake": false,
      "locked": {
        "lastModified": 1722509464,
        "narHash": "sha256-NcodgUp8obTsjgc+5j2dKr0f3FelYikQTJngfZXRZzo=",
        "owner": "hrsh7th",
        "repo": "nvim-cmp",
        "rev": "ae644feb7b67bf1ce4260c231d1d4300b19c6f30",
        "type": "github"
      },
      "original": {
        "owner": "hrsh7th",
        "repo": "nvim-cmp",
        "type": "github"
      }
    },
    "plugin:nvim-lightbulb": {
      "flake": false,
      "locked": {
        "lastModified": 1723852012,
        "narHash": "sha256-KfldlEwrYiZJZ0j7du/JWXx+ZOKH1XRT3fDYfaW7xfE=",
        "owner": "kosayoda",
        "repo": "nvim-lightbulb",
        "rev": "1cae7b7153ae98dcf1b11173a443ac1b6d8e3d49",
        "type": "github"
      },
      "original": {
        "owner": "kosayoda",
        "repo": "nvim-lightbulb",
        "type": "github"
      }
    },
    "plugin:nvim-lspconfig": {
      "flake": false,
      "locked": {
        "lastModified": 1728986726,
        "narHash": "sha256-fsMk19jjE/r/dk1yKvsX8PMqPJIh2h6NnybbRSgyL9I=",
        "owner": "neovim",
        "repo": "nvim-lspconfig",
        "rev": "7be9986a4a4d7c9faddeeb9e80bafc9d3547e32e",
        "type": "github"
      },
      "original": {
        "owner": "neovim",
        "repo": "nvim-lspconfig",
        "type": "github"
      }
    },
    "plugin:nvim-notify": {
      "flake": false,
      "locked": {
        "lastModified": 1727022370,
        "narHash": "sha256-Sd7IR5roXHOKRCxhqtYMhWfEltyRJMDEMDO/ecSKenE=",
        "owner": "rcarriga",
        "repo": "nvim-notify",
        "rev": "fbef5d32be8466dd76544a257d3f3dce20082a07",
        "type": "github"
      },
      "original": {
        "owner": "rcarriga",
        "repo": "nvim-notify",
        "type": "github"
      }
    },
    "plugin:nvim-osc52": {
      "flake": false,
      "locked": {
        "lastModified": 1716560654,
        "narHash": "sha256-cVivuGzsG2bKfUBklyK7in0C8Xis0aO0pfyOuTol1mU=",
        "owner": "ojroques",
        "repo": "nvim-osc52",
        "rev": "04cfaba1865ae5c53b6f887c3ca7304973824fb2",
        "type": "github"
      },
      "original": {
        "owner": "ojroques",
        "repo": "nvim-osc52",
        "type": "github"
      }
    },
    "plugin:nvim-tree-lua": {
      "flake": false,
      "locked": {
        "lastModified": 1728892603,
        "narHash": "sha256-iYVsOpvKQpPSwVMVRqmKkfsjqU9lsBWWEVkqjT1pH18=",
        "owner": "nvim-tree",
        "repo": "nvim-tree.lua",
        "rev": "f5f67892996b280ae78b1b0a2d07c4fa29ae0905",
        "type": "github"
      },
      "original": {
        "owner": "nvim-tree",
        "repo": "nvim-tree.lua",
        "type": "github"
      }
    },
    "plugin:nvim-treesitter": {
      "flake": false,
      "locked": {
        "lastModified": 1728976604,
        "narHash": "sha256-rmqGOiqe8K3cAHg2IwGTOl06/4JGMYKqA7mefNDCbU0=",
        "owner": "nvim-treesitter",
        "repo": "nvim-treesitter",
        "rev": "39904fd016120d87010a93ccb9845c821ba2f1dd",
        "type": "github"
      },
      "original": {
        "owner": "nvim-treesitter",
        "repo": "nvim-treesitter",
        "type": "github"
      }
    },
    "plugin:nvim-treesitter-context": {
      "flake": false,
      "locked": {
        "lastModified": 1728032522,
        "narHash": "sha256-7NrWuN8uzS8fS9WGp3tBF6IpA7oeK64+f8+euCkPbqc=",
        "owner": "nvim-treesitter",
        "repo": "nvim-treesitter-context",
        "rev": "78a81c7494e7d1a08dd1200b556933e513fd9f29",
        "type": "github"
      },
      "original": {
        "owner": "nvim-treesitter",
        "repo": "nvim-treesitter-context",
        "type": "github"
      }
    },
    "plugin:nvim-treesitter-refactor": {
      "flake": false,
      "locked": {
        "lastModified": 1726312917,
        "narHash": "sha256-q6AzZtGvrQ/QAZSF8cM3fd6myENm6eE1rI6fqvLzqlg=",
        "owner": "nvim-treesitter",
        "repo": "nvim-treesitter-refactor",
        "rev": "d8b74fa87afc6a1e97b18da23e762efb032dc270",
        "type": "github"
      },
      "original": {
        "owner": "nvim-treesitter",
        "repo": "nvim-treesitter-refactor",
        "type": "github"
      }
    },
    "plugin:nvim-web-devicons": {
      "flake": false,
      "locked": {
        "lastModified": 1728608318,
        "narHash": "sha256-SUWEOp+QcfHjYaqqr4Zwvh0x91IAJXvrdMkQtuWMlGc=",
        "owner": "nvim-tree",
        "repo": "nvim-web-devicons",
        "rev": "19d257cf889f79f4022163c3fbb5e08639077bd8",
        "type": "github"
      },
      "original": {
        "owner": "nvim-tree",
        "repo": "nvim-web-devicons",
        "type": "github"
      }
    },
    "plugin:plantuml-syntax": {
      "flake": false,
      "locked": {
        "lastModified": 1724626194,
        "narHash": "sha256-qmo5xI7Vugtsbl95RW2Pnu6cDei1Xz7Pq06HrrwPpI4=",
        "owner": "aklt",
        "repo": "plantuml-syntax",
        "rev": "9d4900aa16674bf5bb8296a72b975317d573b547",
        "type": "github"
      },
      "original": {
        "owner": "aklt",
        "repo": "plantuml-syntax",
        "type": "github"
      }
    },
    "plugin:plenary-nvim": {
      "flake": false,
      "locked": {
        "lastModified": 1726602776,
        "narHash": "sha256-bmmPekAvuBvLQmrnnX0n+FRBqfVxBsObhxIEkDGAla4=",
        "owner": "nvim-lua",
        "repo": "plenary.nvim",
        "rev": "2d9b06177a975543726ce5c73fca176cedbffe9d",
        "type": "github"
      },
      "original": {
        "owner": "nvim-lua",
        "repo": "plenary.nvim",
        "type": "github"
      }
    },
    "plugin:popup-nvim": {
      "flake": false,
      "locked": {
        "lastModified": 1637254091,
        "narHash": "sha256-dNWz/xovUg55fDZUpVs/2kLphk3lqQyvPtc9ATwbeSQ=",
        "owner": "nvim-lua",
        "repo": "popup.nvim",
        "rev": "b7404d35d5d3548a82149238289fa71f7f6de4ac",
        "type": "github"
      },
      "original": {
        "owner": "nvim-lua",
        "repo": "popup.nvim",
        "type": "github"
      }
    },
    "plugin:rustaceanvim": {
      "flake": false,
      "locked": {
        "lastModified": 1728778846,
        "narHash": "sha256-nzUyy9JsHrPP+wykVYPKsvESHrgFRVCVRIb9d7wFvJ0=",
        "owner": "mrcjkb",
        "repo": "rustaceanvim",
        "rev": "1c47bdd38150d9ba636fd234128e232dc618e832",
        "type": "github"
      },
      "original": {
        "owner": "mrcjkb",
        "repo": "rustaceanvim",
        "type": "github"
      }
    },
    "plugin:skim-vim": {
      "flake": false,
      "locked": {
        "lastModified": 1684985229,
        "narHash": "sha256-CFgUligbr2Z+gE5YofyCFcQ8fnwzaNOdQwm1QoPm4D4=",
        "owner": "lotabout",
        "repo": "skim.vim",
        "rev": "aa2a5c44a6640843868cc5c1444abc0093e90e5a",
        "type": "github"
      },
      "original": {
        "owner": "lotabout",
        "repo": "skim.vim",
        "type": "github"
      }
    },
    "plugin:telescope-nvim": {
      "flake": false,
      "locked": {
        "lastModified": 1728518892,
        "narHash": "sha256-HWNfj3/b+CUFgWR26IzAuMzlSCEuiK/7n8tWHwqAAik=",
        "owner": "nvim-telescope",
        "repo": "telescope.nvim",
        "rev": "df534c3042572fb958586facd02841e10186707c",
        "type": "github"
      },
      "original": {
        "owner": "nvim-telescope",
        "repo": "telescope.nvim",
        "type": "github"
      }
    },
    "plugin:telescope-ui-select-nvim": {
      "flake": false,
      "locked": {
        "lastModified": 1701723223,
        "narHash": "sha256-YRhNmmG4gx9Ht8JwjQfbTjJyTHEuZmtP6lqnhOsk8bE=",
        "owner": "nvim-telescope",
        "repo": "telescope-ui-select.nvim",
        "rev": "6e51d7da30bd139a6950adf2a47fda6df9fa06d2",
        "type": "github"
      },
      "original": {
        "owner": "nvim-telescope",
        "repo": "telescope-ui-select.nvim",
        "type": "github"
      }
    },
    "plugin:tokyonight-nvim": {
      "flake": false,
      "locked": {
        "lastModified": 1728047312,
        "narHash": "sha256-AUIoU/0vfpIsY+cLCbZ23FfwNIubl6JjTsuhND1nHuc=",
        "owner": "folke",
        "repo": "tokyonight.nvim",
        "rev": "2c85fad417170d4572ead7bf9fdd706057bd73d7",
        "type": "github"
      },
      "original": {
        "owner": "folke",
        "repo": "tokyonight.nvim",
        "type": "github"
      }
    },
    "plugin:trouble-nvim": {
      "flake": false,
      "locked": {
        "lastModified": 1727856084,
        "narHash": "sha256-DR3zRwGkjEFzXcssXsX6Iw7R5uLKOt/OKFN+tnxfyS4=",
        "owner": "folke",
        "repo": "trouble.nvim",
        "rev": "254145ffd528b98eb20be894338e2d5c93fa02c2",
        "type": "github"
      },
      "original": {
        "owner": "folke",
        "repo": "trouble.nvim",
        "type": "github"
      }
    },
    "plugin:vim-just": {
      "flake": false,
      "locked": {
        "lastModified": 1728180420,
        "narHash": "sha256-wuGHArt+M6FOW1dhx3mYMmSx1m+iGsxkbosC9pvp+eo=",
        "owner": "NoahTheDuke",
        "repo": "vim-just",
        "rev": "f08fa6b29dbfc486696fa606d44af86bc88fb1e8",
        "type": "github"
      },
      "original": {
        "owner": "NoahTheDuke",
        "repo": "vim-just",
        "type": "github"
      }
    },
    "plugin:vim-matchup": {
      "flake": false,
      "locked": {
        "lastModified": 1726145620,
        "narHash": "sha256-8+fT605IbOfmSI31fYV55qGV10mDHivSJXrP6oqj/BU=",
        "owner": "andymass",
        "repo": "vim-matchup",
        "rev": "1975afe63198ab6a0dff7200919828e5cd4330b9",
        "type": "github"
      },
      "original": {
        "owner": "andymass",
        "repo": "vim-matchup",
        "type": "github"
      }
    },
    "plugin:vim-snippets": {
      "flake": false,
      "locked": {
        "lastModified": 1723568473,
        "narHash": "sha256-jKeWrY2BPxtwrhrVNK1a5MK/0QXFuZcADWuD/l24yaY=",
        "owner": "honza",
        "repo": "vim-snippets",
        "rev": "f0a3184d9f90b96b044d5914625a25c554d7f301",
        "type": "github"
      },
      "original": {
        "owner": "honza",
        "repo": "vim-snippets",
        "type": "github"
      }
    },
    "plugin:which-key-nvim": {
      "flake": false,
      "locked": {
        "lastModified": 1727856297,
        "narHash": "sha256-crECQnWpptz1A/hOndHPEduK6MqWQH8kyf58h+4snHo=",
        "owner": "folke",
        "repo": "which-key.nvim",
        "rev": "8badb359f7ab8711e2575ef75dfe6fbbd87e4821",
        "type": "github"
      },
      "original": {
        "owner": "folke",
        "repo": "which-key.nvim",
        "type": "github"
      }
    },
    "plugin:zk-nvim": {
      "flake": false,
      "locked": {
        "lastModified": 1727810836,
        "narHash": "sha256-tCAR/ONhpnGu4KAi0Jtw0XSFImpY8eJBHvZPw3DJ74U=",
        "owner": "mickael-menu",
        "repo": "zk-nvim",
        "rev": "16fc98ce3d037418f04c181b5cc0fc4b982ceaed",
        "type": "github"
      },
      "original": {
        "owner": "mickael-menu",
        "repo": "zk-nvim",
        "type": "github"
      }
    },
    "root": {
      "inputs": {
        "flake-utils": "flake-utils",
        "new-plugin:ft-std-header": "new-plugin:ft-std-header",
        "new-plugin:vim-headerguard": "new-plugin:vim-headerguard",
        "nixpkgs": "nixpkgs",
        "nixvim": "nixvim",
        "plugin:clangd_extensions-nvim": "plugin:clangd_extensions-nvim",
        "plugin:cmp-buffer": "plugin:cmp-buffer",
        "plugin:cmp-calc": "plugin:cmp-calc",
        "plugin:cmp-nvim-lsp": "plugin:cmp-nvim-lsp",
        "plugin:cmp-path": "plugin:cmp-path",
        "plugin:cmp_luasnip": "plugin:cmp_luasnip",
        "plugin:comment-nvim": "plugin:comment-nvim",
        "plugin:efmls-configs-nvim": "plugin:efmls-configs-nvim",
        "plugin:git-messenger-vim": "plugin:git-messenger-vim",
        "plugin:gitsigns-nvim": "plugin:gitsigns-nvim",
        "plugin:inc-rename-nvim": "plugin:inc-rename-nvim",
        "plugin:indent-blankline-nvim": "plugin:indent-blankline-nvim",
        "plugin:lspkind-nvim": "plugin:lspkind-nvim",
        "plugin:ltex_extra-nvim": "plugin:ltex_extra-nvim",
        "plugin:lualine-nvim": "plugin:lualine-nvim",
        "plugin:luasnip": "plugin:luasnip",
        "plugin:markdown-preview-nvim": "plugin:markdown-preview-nvim",
        "plugin:neo-tree-nvim": "plugin:neo-tree-nvim",
        "plugin:netman-nvim": "plugin:netman-nvim",
        "plugin:noice-nvim": "plugin:noice-nvim",
        "plugin:nui-nvim": "plugin:nui-nvim",
        "plugin:nvim-cmp": "plugin:nvim-cmp",
        "plugin:nvim-lightbulb": "plugin:nvim-lightbulb",
        "plugin:nvim-lspconfig": "plugin:nvim-lspconfig",
        "plugin:nvim-notify": "plugin:nvim-notify",
        "plugin:nvim-osc52": "plugin:nvim-osc52",
        "plugin:nvim-tree-lua": "plugin:nvim-tree-lua",
        "plugin:nvim-treesitter": "plugin:nvim-treesitter",
        "plugin:nvim-treesitter-context": "plugin:nvim-treesitter-context",
        "plugin:nvim-treesitter-refactor": "plugin:nvim-treesitter-refactor",
        "plugin:nvim-web-devicons": "plugin:nvim-web-devicons",
        "plugin:plantuml-syntax": "plugin:plantuml-syntax",
        "plugin:plenary-nvim": "plugin:plenary-nvim",
        "plugin:popup-nvim": "plugin:popup-nvim",
        "plugin:rustaceanvim": "plugin:rustaceanvim",
        "plugin:skim-vim": "plugin:skim-vim",
        "plugin:telescope-nvim": "plugin:telescope-nvim",
        "plugin:telescope-ui-select-nvim": "plugin:telescope-ui-select-nvim",
        "plugin:tokyonight-nvim": "plugin:tokyonight-nvim",
        "plugin:trouble-nvim": "plugin:trouble-nvim",
        "plugin:vim-just": "plugin:vim-just",
        "plugin:vim-matchup": "plugin:vim-matchup",
        "plugin:vim-snippets": "plugin:vim-snippets",
        "plugin:which-key-nvim": "plugin:which-key-nvim",
        "plugin:zk-nvim": "plugin:zk-nvim"
      }
    },
    "systems": {
      "locked": {
        "lastModified": 1681028828,
        "narHash": "sha256-Vy1rq5AaRuLzOxct8nz4T6wlgyUR7zLU309k9mBC768=",
        "owner": "nix-systems",
        "repo": "default",
        "rev": "da67096a3b9bf56a91d16901293e51ba5b49a27e",
        "type": "github"
      },
      "original": {
        "owner": "nix-systems",
        "repo": "default",
        "type": "github"
      }
    },
    "systems_2": {
      "locked": {
        "lastModified": 1681028828,
        "narHash": "sha256-Vy1rq5AaRuLzOxct8nz4T6wlgyUR7zLU309k9mBC768=",
        "owner": "nix-systems",
        "repo": "default",
        "rev": "da67096a3b9bf56a91d16901293e51ba5b49a27e",
        "type": "github"
      },
      "original": {
        "owner": "nix-systems",
        "repo": "default",
        "type": "github"
      }
    },
    "treefmt-nix": {
      "inputs": {
        "nixpkgs": [
          "nixvim",
          "nixpkgs"
        ]
      },
      "locked": {
        "lastModified": 1727984844,
        "narHash": "sha256-xpRqITAoD8rHlXQafYZOLvUXCF6cnZkPfoq67ThN0Hc=",
        "owner": "numtide",
        "repo": "treefmt-nix",
        "rev": "4446c7a6fc0775df028c5a3f6727945ba8400e64",
        "type": "github"
      },
      "original": {
        "owner": "numtide",
        "repo": "treefmt-nix",
        "type": "github"
      }
    }
  },
  "root": "root",
  "version": 7
}
